
Microsoft Visual Studio Solution File, Format Version 12.00
# Visual Studio Version 17
VisualStudioVersion = 17.3.32929.385
MinimumVisualStudioVersion = 10.0.40219.1
Project("{FAE04EC0-301F-11D3-BF4B-00C04F79EFBC}") = "G9_63656_C02", "G9_63656_C02\G9_63656_C02.csproj", "{9E447882-C354-4F57-AFEF-4F5236C38302}"
EndProject
Global
	GlobalSection(SolutionConfigurationPlatforms) = preSolution
		Debug|Any CPU = Debug|Any CPU
		Release|Any CPU = Release|Any CPU
	EndGlobalSection
	GlobalSection(ProjectConfigurationPlatforms) = postSolution
		{9E447882-C354-4F57-AFEF-4F5236C38302}.Debug|Any CPU.ActiveCfg = Debug|Any CPU
		{9E447882-C354-4F57-AFEF-4F5236C38302}.Debug|Any CPU.Build.0 = Debug|Any CPU
		{9E447882-C354-4F57-AFEF-4F5236C38302}.Release|Any CPU.ActiveCfg = Release|Any CPU
		{9E447882-C354-4F57-AFEF-4F5236C38302}.Release|Any CPU.Build.0 = Release|Any CPU
	EndGlobalSection
	GlobalSection(SolutionProperties) = preSolution
		HideSolutionNode = FALSE
	EndGlobalSection
	GlobalSection(ExtensibilityGlobals) = postSolution
		SolutionGuid = {810903B4-E28D-45D9-AB0D-117AB37F8CB2}
	EndGlobalSection
EndGlobal
